
Microsoft Visual Studio Solution File, Format Version 12.00
# Visual Studio Version 16
VisualStudioVersion = 16.0.29215.179
MinimumVisualStudioVersion = 10.0.40219.1
Project("{9A19103F-16F7-4668-BE54-9A1E7A4F7556}") = "TestWebAPI", "TestWebAPI\TestWebAPI.csproj", "{C16186C1-D395-415D-8EE3-29CAEC5DF6ED}"
EndProject
Project("{FAE04EC0-301F-11D3-BF4B-00C04F79EFBC}") = "TestWebAPI.LoadTest", "TestWebAPI.LoadTest\TestWebAPI.LoadTest.csproj", "{E785BFD2-17D0-4F22-B34E-FF61E0CBF628}"
EndProject
Global
	GlobalSection(SolutionConfigurationPlatforms) = preSolution
		Debug|Any CPU = Debug|Any CPU
		Release|Any CPU = Release|Any CPU
	EndGlobalSection
	GlobalSection(ProjectConfigurationPlatforms) = postSolution
		{C16186C1-D395-415D-8EE3-29CAEC5DF6ED}.Debug|Any CPU.ActiveCfg = Debug|Any CPU
		{C16186C1-D395-415D-8EE3-29CAEC5DF6ED}.Debug|Any CPU.Build.0 = Debug|Any CPU
		{C16186C1-D395-415D-8EE3-29CAEC5DF6ED}.Release|Any CPU.ActiveCfg = Release|Any CPU
		{C16186C1-D395-415D-8EE3-29CAEC5DF6ED}.Release|Any CPU.Build.0 = Release|Any CPU
		{E785BFD2-17D0-4F22-B34E-FF61E0CBF628}.Debug|Any CPU.ActiveCfg = Debug|Any CPU
		{E785BFD2-17D0-4F22-B34E-FF61E0CBF628}.Debug|Any CPU.Build.0 = Debug|Any CPU
		{E785BFD2-17D0-4F22-B34E-FF61E0CBF628}.Release|Any CPU.ActiveCfg = Release|Any CPU
		{E785BFD2-17D0-4F22-B34E-FF61E0CBF628}.Release|Any CPU.Build.0 = Release|Any CPU
	EndGlobalSection
	GlobalSection(SolutionProperties) = preSolution
		HideSolutionNode = FALSE
	EndGlobalSection
	GlobalSection(ExtensibilityGlobals) = postSolution
		SolutionGuid = {D0232317-975C-488F-9921-64B88754B8F6}
	EndGlobalSection
EndGlobal
